// !$*UTF8*$!
{
	archiveVersion = 1;
	classes = {
	};
	objectVersion = 50;
	objects = {

/* Begin PBXBuildFile section */
		3BD3A4D9244729D7008FFC82 /* AppDelegate.swift in Sources */ = {isa = PBXBuildFile; fileRef = 3BD3A4D8244729D7008FFC82 /* AppDelegate.swift */; };
		3BD3A4DB244729D7008FFC82 /* SceneDelegate.swift in Sources */ = {isa = PBXBuildFile; fileRef = 3BD3A4DA244729D7008FFC82 /* SceneDelegate.swift */; };
		3BD3A4DD244729D7008FFC82 /* ViewController.swift in Sources */ = {isa = PBXBuildFile; fileRef = 3BD3A4DC244729D7008FFC82 /* ViewController.swift */; };
		3BD3A4E0244729D7008FFC82 /* Main.storyboard in Resources */ = {isa = PBXBuildFile; fileRef = 3BD3A4DE244729D7008FFC82 /* Main.storyboard */; };
		3BD3A4E2244729D8008FFC82 /* Assets.xcassets in Resources */ = {isa = PBXBuildFile; fileRef = 3BD3A4E1244729D8008FFC82 /* Assets.xcassets */; };
		3BD3A4E5244729D8008FFC82 /* LaunchScreen.storyboard in Resources */ = {isa = PBXBuildFile; fileRef = 3BD3A4E3244729D8008FFC82 /* LaunchScreen.storyboard */; };
		3BD3A4F0244729D8008FFC82 /* HelloWorldTests.swift in Sources */ = {isa = PBXBuildFile; fileRef = 3BD3A4EF244729D8008FFC82 /* HelloWorldTests.swift */; };
		3BD3A4FB244729D8008FFC82 /* HelloWorldUITests.swift in Sources */ = {isa = PBXBuildFile; fileRef = 3BD3A4FA244729D8008FFC82 /* HelloWorldUITests.swift */; };
/* End PBXBuildFile section */

/* Begin PBXContainerItemProxy section */
		3BD3A4EC244729D8008FFC82 /* PBXContainerItemProxy */ = {
			isa = PBXContainerItemProxy;
			containerPortal = 3BD3A4CD244729D7008FFC82 /* Project object */;
			proxyType = 1;
			remoteGlobalIDString = 3BD3A4D4244729D7008FFC82;
			remoteInfo = HelloWorld;
		};
		3BD3A4F7244729D8008FFC82 /* PBXContainerItemProxy */ = {
			isa = PBXContainerItemProxy;
			containerPortal = 3BD3A4CD244729D7008FFC82 /* Project object */;
			proxyType = 1;
			remoteGlobalIDString = 3BD3A4D4244729D7008FFC82;
			remoteInfo = HelloWorld;
		};
/* End PBXContainerItemProxy section */

/* Begin PBXFileReference section */
		3BD3A4D5244729D7008FFC82 /* HelloWorld.app */ = {isa = PBXFileReference; explicitFileType = wrapper.application; includeInIndex = 0; path = HelloWorld.app; sourceTree = BUILT_PRODUCTS_DIR; };
		3BD3A4D8244729D7008FFC82 /* AppDelegate.swift */ = {isa = PBXFileReference; lastKnownFileType = sourcecode.swift; path = AppDelegate.swift; sourceTree = "<group>"; };
		3BD3A4DA244729D7008FFC82 /* SceneDelegate.swift */ = {isa = PBXFileReference; lastKnownFileType = sourcecode.swift; path = SceneDelegate.swift; sourceTree = "<group>"; };
		3BD3A4DC244729D7008FFC82 /* ViewController.swift */ = {isa = PBXFileReference; lastKnownFileType = sourcecode.swift; path = ViewController.swift; sourceTree = "<group>"; };
		3BD3A4DF244729D7008FFC82 /* Base */ = {isa = PBXFileReference; lastKnownFileType = file.storyboard; name = Base; path = Base.lproj/Main.storyboard; sourceTree = "<group>"; };
		3BD3A4E1244729D8008FFC82 /* Assets.xcassets */ = {isa = PBXFileReference; lastKnownFileType = folder.assetcatalog; path = Assets.xcassets; sourceTree = "<group>"; };
		3BD3A4E4244729D8008FFC82 /* Base */ = {isa = PBXFileReference; lastKnownFileType = file.storyboard; name = Base; path = Base.lproj/LaunchScreen.storyboard; sourceTree = "<group>"; };
		3BD3A4E6244729D8008FFC82 /* Info.plist */ = {isa = PBXFileReference; lastKnownFileType = text.plist.xml; path = Info.plist; sourceTree = "<group>"; };
		3BD3A4EB244729D8008FFC82 /* HelloWorldTests.xctest */ = {isa = PBXFileReference; explicitFileType = wrapper.cfbundle; includeInIndex = 0; path = HelloWorldTests.xctest; sourceTree = BUILT_PRODUCTS_DIR; };
		3BD3A4EF244729D8008FFC82 /* HelloWorldTests.swift */ = {isa = PBXFileReference; lastKnownFileType = sourcecode.swift; path = HelloWorldTests.swift; sourceTree = "<group>"; };
		3BD3A4F1244729D8008FFC82 /* Info.plist */ = {isa = PBXFileReference; lastKnownFileType = text.plist.xml; path = Info.plist; sourceTree = "<group>"; };
		3BD3A4F6244729D8008FFC82 /* HelloWorldUITests.xctest */ = {isa = PBXFileReference; explicitFileType = wrapper.cfbundle; includeInIndex = 0; path = HelloWorldUITests.xctest; sourceTree = BUILT_PRODUCTS_DIR; };
		3BD3A4FA244729D8008FFC82 /* HelloWorldUITests.swift */ = {isa = PBXFileReference; lastKnownFileType = sourcecode.swift; path = HelloWorldUITests.swift; sourceTree = "<group>"; };
		3BD3A4FC244729D8008FFC82 /* Info.plist */ = {isa = PBXFileReference; lastKnownFileType = text.plist.xml; path = Info.plist; sourceTree = "<group>"; };
/* End PBXFileReference section */

/* Begin PBXFrameworksBuildPhase section */
		3BD3A4D2244729D7008FFC82 /* Frameworks */ = {
			isa = PBXFrameworksBuildPhase;
			buildActionMask = 2147483647;
			files = (
			);
			runOnlyForDeploymentPostprocessing = 0;
		};
		3BD3A4E8244729D8008FFC82 /* Frameworks */ = {
			isa = PBXFrameworksBuildPhase;
			buildActionMask = 2147483647;
			files = (
			);
			runOnlyForDeploymentPostprocessing = 0;
		};
		3BD3A4F3244729D8008FFC82 /* Frameworks */ = {
			isa = PBXFrameworksBuildPhase;
			buildActionMask = 2147483647;
			files = (
			);
			runOnlyForDeploymentPostprocessing = 0;
		};
/* End PBXFrameworksBuildPhase section */

/* Begin PBXGroup section */
		3BD3A4CC244729D7008FFC82 = {
			isa = PBXGroup;
			children = (
				3BD3A4D7244729D7008FFC82 /* HelloWorld */,
				3BD3A4EE244729D8008FFC82 /* HelloWorldTests */,
				3BD3A4F9244729D8008FFC82 /* HelloWorldUITests */,
				3BD3A4D6244729D7008FFC82 /* Products */,
			);
			sourceTree = "<group>";
		};
		3BD3A4D6244729D7008FFC82 /* Products */ = {
			isa = PBXGroup;
			children = (
				3BD3A4D5244729D7008FFC82 /* HelloWorld.app */,
				3BD3A4EB244729D8008FFC82 /* HelloWorldTests.xctest */,
				3BD3A4F6244729D8008FFC82 /* HelloWorldUITests.xctest */,
			);
			name = Products;
			sourceTree = "<group>";
		};
		3BD3A4D7244729D7008FFC82 /* HelloWorld */ = {
			isa = PBXGroup;
			children = (
				3BD3A4D8244729D7008FFC82 /* AppDelegate.swift */,
				3BD3A4DA244729D7008FFC82 /* SceneDelegate.swift */,
				3BD3A4DC244729D7008FFC82 /* ViewController.swift */,
				3BD3A4DE244729D7008FFC82 /* Main.storyboard */,
				3BD3A4E1244729D8008FFC82 /* Assets.xcassets */,
				3BD3A4E3244729D8008FFC82 /* LaunchScreen.storyboard */,
				3BD3A4E6244729D8008FFC82 /* Info.plist */,
			);
			path = HelloWorld;
			sourceTree = "<group>";
		};
		3BD3A4EE244729D8008FFC82 /* HelloWorldTests */ = {
			isa = PBXGroup;
			children = (
				3BD3A4EF244729D8008FFC82 /* HelloWorldTests.swift */,
				3BD3A4F1244729D8008FFC82 /* Info.plist */,
			);
			path = HelloWorldTests;
			sourceTree = "<group>";
		};
		3BD3A4F9244729D8008FFC82 /* HelloWorldUITests */ = {
			isa = PBXGroup;
			children = (
				3BD3A4FA244729D8008FFC82 /* HelloWorldUITests.swift */,
				3BD3A4FC244729D8008FFC82 /* Info.plist */,
			);
			path = HelloWorldUITests;
			sourceTree = "<group>";
		};
/* End PBXGroup section */

/* Begin PBXNativeTarget section */
		3BD3A4D4244729D7008FFC82 /* HelloWorld */ = {
			isa = PBXNativeTarget;
			buildConfigurationList = 3BD3A4FF244729D8008FFC82 /* Build configuration list for PBXNativeTarget "HelloWorld" */;
			buildPhases = (
				3BD3A4D1244729D7008FFC82 /* Sources */,
				3BD3A4D2244729D7008FFC82 /* Frameworks */,
				3BD3A4D3244729D7008FFC82 /* Resources */,
			);
			buildRules = (
			);
			dependencies = (
			);
			name = HelloWorld;
			productName = HelloWorld;
			productReference = 3BD3A4D5244729D7008FFC82 /* HelloWorld.app */;
			productType = "com.apple.product-type.application";
		};
		3BD3A4EA244729D8008FFC82 /* HelloWorldTests */ = {
			isa = PBXNativeTarget;
			buildConfigurationList = 3BD3A502244729D8008FFC82 /* Build configuration list for PBXNativeTarget "HelloWorldTests" */;
			buildPhases = (
				3BD3A4E7244729D8008FFC82 /* Sources */,
				3BD3A4E8244729D8008FFC82 /* Frameworks */,
				3BD3A4E9244729D8008FFC82 /* Resources */,
			);
			buildRules = (
			);
			dependencies = (
				3BD3A4ED244729D8008FFC82 /* PBXTargetDependency */,
			);
			name = HelloWorldTests;
			productName = HelloWorldTests;
			productReference = 3BD3A4EB244729D8008FFC82 /* HelloWorldTests.xctest */;
			productType = "com.apple.product-type.bundle.unit-test";
		};
		3BD3A4F5244729D8008FFC82 /* HelloWorldUITests */ = {
			isa = PBXNativeTarget;
			buildConfigurationList = 3BD3A505244729D8008FFC82 /* Build configuration list for PBXNativeTarget "HelloWorldUITests" */;
			buildPhases = (
				3BD3A4F2244729D8008FFC82 /* Sources */,
				3BD3A4F3244729D8008FFC82 /* Frameworks */,
				3BD3A4F4244729D8008FFC82 /* Resources */,
			);
			buildRules = (
			);
			dependencies = (
				3BD3A4F8244729D8008FFC82 /* PBXTargetDependency */,
			);
			name = HelloWorldUITests;
			productName = HelloWorldUITests;
			productReference = 3BD3A4F6244729D8008FFC82 /* HelloWorldUITests.xctest */;
			productType = "com.apple.product-type.bundle.ui-testing";
		};
/* End PBXNativeTarget section */

/* Begin PBXProject section */
		3BD3A4CD244729D7008FFC82 /* Project object */ = {
			isa = PBXProject;
			attributes = {
				LastSwiftUpdateCheck = 1130;
				LastUpgradeCheck = 1130;
				ORGANIZATIONNAME = "y kimur";
				TargetAttributes = {
					3BD3A4D4244729D7008FFC82 = {
						CreatedOnToolsVersion = 11.3.1;
					};
					3BD3A4EA244729D8008FFC82 = {
						CreatedOnToolsVersion = 11.3.1;
						TestTargetID = 3BD3A4D4244729D7008FFC82;
					};
					3BD3A4F5244729D8008FFC82 = {
						CreatedOnToolsVersion = 11.3.1;
						TestTargetID = 3BD3A4D4244729D7008FFC82;
					};
				};
			};
			buildConfigurationList = 3BD3A4D0244729D7008FFC82 /* Build configuration list for PBXProject "HelloWorld" */;
			compatibilityVersion = "Xcode 9.3";
			developmentRegion = en;
			hasScannedForEncodings = 0;
			knownRegions = (
				en,
				Base,
			);
			mainGroup = 3BD3A4CC244729D7008FFC82;
			productRefGroup = 3BD3A4D6244729D7008FFC82 /* Products */;
			projectDirPath = "";
			projectRoot = "";
			targets = (
				3BD3A4D4244729D7008FFC82 /* HelloWorld */,
				3BD3A4EA244729D8008FFC82 /* HelloWorldTests */,
				3BD3A4F5244729D8008FFC82 /* HelloWorldUITests */,
			);
		};
/* End PBXProject section */

/* Begin PBXResourcesBuildPhase section */
		3BD3A4D3244729D7008FFC82 /* Resources */ = {
			isa = PBXResourcesBuildPhase;
			buildActionMask = 2147483647;
			files = (
				3BD3A4E5244729D8008FFC82 /* LaunchScreen.storyboard in Resources */,
				3BD3A4E2244729D8008FFC82 /* Assets.xcassets in Resources */,
				3BD3A4E0244729D7008FFC82 /* Main.storyboard in Resources */,
			);
			runOnlyForDeploymentPostprocessing = 0;
		};
		3BD3A4E9244729D8008FFC82 /* Resources */ = {
			isa = PBXResourcesBuildPhase;
			buildActionMask = 2147483647;
			files = (
			);
			runOnlyForDeploymentPostprocessing = 0;
		};
		3BD3A4F4244729D8008FFC82 /* Resources */ = {
			isa = PBXResourcesBuildPhase;
			buildActionMask = 2147483647;
			files = (
			);
			runOnlyForDeploymentPostprocessing = 0;
		};
/* End PBXResourcesBuildPhase section */

/* Begin PBXSourcesBuildPhase section */
		3BD3A4D1244729D7008FFC82 /* Sources */ = {
			isa = PBXSourcesBuildPhase;
			buildActionMask = 2147483647;
			files = (
				3BD3A4DD244729D7008FFC82 /* ViewController.swift in Sources */,
				3BD3A4D9244729D7008FFC82 /* AppDelegate.swift in Sources */,
				3BD3A4DB244729D7008FFC82 /* SceneDelegate.swift in Sources */,
			);
			runOnlyForDeploymentPostprocessing = 0;
		};
		3BD3A4E7244729D8008FFC82 /* Sources */ = {
			isa = PBXSourcesBuildPhase;
			buildActionMask = 2147483647;
			files = (
				3BD3A4F0244729D8008FFC82 /* HelloWorldTests.swift in Sources */,
			);
			runOnlyForDeploymentPostprocessing = 0;
		};
		3BD3A4F2244729D8008FFC82 /* Sources */ = {
			isa = PBXSourcesBuildPhase;
			buildActionMask = 2147483647;
			files = (
				3BD3A4FB244729D8008FFC82 /* HelloWorldUITests.swift in Sources */,
			);
			runOnlyForDeploymentPostprocessing = 0;
		};
/* End PBXSourcesBuildPhase section */

/* Begin PBXTargetDependency section */
		3BD3A4ED244729D8008FFC82 /* PBXTargetDependency */ = {
			isa = PBXTargetDependency;
			target = 3BD3A4D4244729D7008FFC82 /* HelloWorld */;
			targetProxy = 3BD3A4EC244729D8008FFC82 /* PBXContainerItemProxy */;
		};
		3BD3A4F8244729D8008FFC82 /* PBXTargetDependency */ = {
			isa = PBXTargetDependency;
			target = 3BD3A4D4244729D7008FFC82 /* HelloWorld */;
			targetProxy = 3BD3A4F7244729D8008FFC82 /* PBXContainerItemProxy */;
		};
/* End PBXTargetDependency section */

/* Begin PBXVariantGroup section */
		3BD3A4DE244729D7008FFC82 /* Main.storyboard */ = {
			isa = PBXVariantGroup;
			children = (
				3BD3A4DF244729D7008FFC82 /* Base */,
			);
			name = Main.storyboard;
			sourceTree = "<group>";
		};
		3BD3A4E3244729D8008FFC82 /* LaunchScreen.storyboard */ = {
			isa = PBXVariantGroup;
			children = (
				3BD3A4E4244729D8008FFC82 /* Base */,
			);
			name = LaunchScreen.storyboard;
			sourceTree = "<group>";
		};
/* End PBXVariantGroup section */

/* Begin XCBuildConfiguration section */
		3BD3A4FD244729D8008FFC82 /* Debug */ = {
			isa = XCBuildConfiguration;
			buildSettings = {
				ALWAYS_SEARCH_USER_PATHS = NO;
				CLANG_ANALYZER_NONNULL = YES;
				CLANG_ANALYZER_NUMBER_OBJECT_CONVERSION = YES_AGGRESSIVE;
				CLANG_CXX_LANGUAGE_STANDARD = "gnu++14";
				CLANG_CXX_LIBRARY = "libc++";
				CLANG_ENABLE_MODULES = YES;
				CLANG_ENABLE_OBJC_ARC = YES;
				CLANG_ENABLE_OBJC_WEAK = YES;
				CLANG_WARN_BLOCK_CAPTURE_AUTORELEASING = YES;
				CLANG_WARN_BOOL_CONVERSION = YES;
				CLANG_WARN_COMMA = YES;
				CLANG_WARN_CONSTANT_CONVERSION = YES;
				CLANG_WARN_DEPRECATED_OBJC_IMPLEMENTATIONS = YES;
				CLANG_WARN_DIRECT_OBJC_ISA_USAGE = YES_ERROR;
				CLANG_WARN_DOCUMENTATION_COMMENTS = YES;
				CLANG_WARN_EMPTY_BODY = YES;
				CLANG_WARN_ENUM_CONVERSION = YES;
				CLANG_WARN_INFINITE_RECURSION = YES;
				CLANG_WARN_INT_CONVERSION = YES;
				CLANG_WARN_NON_LITERAL_NULL_CONVERSION = YES;
				CLANG_WARN_OBJC_IMPLICIT_RETAIN_SELF = YES;
				CLANG_WARN_OBJC_LITERAL_CONVERSION = YES;
				CLANG_WARN_OBJC_ROOT_CLASS = YES_ERROR;
				CLANG_WARN_RANGE_LOOP_ANALYSIS = YES;
				CLANG_WARN_STRICT_PROTOTYPES = YES;
				CLANG_WARN_SUSPICIOUS_MOVE = YES;
				CLANG_WARN_UNGUARDED_AVAILABILITY = YES_AGGRESSIVE;
				CLANG_WARN_UNREACHABLE_CODE = YES;
				CLANG_WARN__DUPLICATE_METHOD_MATCH = YES;
				COPY_PHASE_STRIP = NO;
				DEBUG_INFORMATION_FORMAT = dwarf;
				ENABLE_STRICT_OBJC_MSGSEND = YES;
				ENABLE_TESTABILITY = YES;
				GCC_C_LANGUAGE_STANDARD = gnu11;
				GCC_DYNAMIC_NO_PIC = NO;
				GCC_NO_COMMON_BLOCKS = YES;
				GCC_OPTIMIZATION_LEVEL = 0;
				GCC_PREPROCESSOR_DEFINITIONS = (
					"DEBUG=1",
					"$(inherited)",
				);
				GCC_WARN_64_TO_32_BIT_CONVERSION = YES;
				GCC_WARN_ABOUT_RETURN_TYPE = YES_ERROR;
				GCC_WARN_UNDECLARED_SELECTOR = YES;
				GCC_WARN_UNINITIALIZED_AUTOS = YES_AGGRESSIVE;
				GCC_WARN_UNUSED_FUNCTION = YES;
				GCC_WARN_UNUSED_VARIABLE = YES;
				IPHONEOS_DEPLOYMENT_TARGET = 13.2;
				MTL_ENABLE_DEBUG_INFO = INCLUDE_SOURCE;
				MTL_FAST_MATH = YES;
				ONLY_ACTIVE_ARCH = YES;
				SDKROOT = iphoneos;
				SWIFT_ACTIVE_COMPILATION_CONDITIONS = DEBUG;
				SWIFT_OPTIMIZATION_LEVEL = "-Onone";
			};
			name = Debug;
		};
		3BD3A4FE244729D8008FFC82 /* Release */ = {
			isa = XCBuildConfiguration;
			buildSettings = {
				ALWAYS_SEARCH_USER_PATHS = NO;
				CLANG_ANALYZER_NONNULL = YES;
				CLANG_ANALYZER_NUMBER_OBJECT_CONVERSION = YES_AGGRESSIVE;
				CLANG_CXX_LANGUAGE_STANDARD = "gnu++14";
				CLANG_CXX_LIBRARY = "libc++";
				CLANG_ENABLE_MODULES = YES;
				CLANG_ENABLE_OBJC_ARC = YES;
				CLANG_ENABLE_OBJC_WEAK = YES;
				CLANG_WARN_BLOCK_CAPTURE_AUTORELEASING = YES;
				CLANG_WARN_BOOL_CONVERSION = YES;
				CLANG_WARN_COMMA = YES;
				CLANG_WARN_CONSTANT_CONVERSION = YES;
				CLANG_WARN_DEPRECATED_OBJC_IMPLEMENTATIONS = YES;
				CLANG_WARN_DIRECT_OBJC_ISA_USAGE = YES_ERROR;
				CLANG_WARN_DOCUMENTATION_COMMENTS = YES;
				CLANG_WARN_EMPTY_BODY = YES;
				CLANG_WARN_ENUM_CONVERSION = YES;
				CLANG_WARN_INFINITE_RECURSION = YES;
				CLANG_WARN_INT_CONVERSION = YES;
				CLANG_WARN_NON_LITERAL_NULL_CONVERSION = YES;
				CLANG_WARN_OBJC_IMPLICIT_RETAIN_SELF = YES;
				CLANG_WARN_OBJC_LITERAL_CONVERSION = YES;
				CLANG_WARN_OBJC_ROOT_CLASS = YES_ERROR;
				CLANG_WARN_RANGE_LOOP_ANALYSIS = YES;
				CLANG_WARN_STRICT_PROTOTYPES = YES;
				CLANG_WARN_SUSPICIOUS_MOVE = YES;
				CLANG_WARN_UNGUARDED_AVAILABILITY = YES_AGGRESSIVE;
				CLANG_WARN_UNREACHABLE_CODE = YES;
				CLANG_WARN__DUPLICATE_METHOD_MATCH = YES;
				COPY_PHASE_STRIP = NO;
				DEBUG_INFORMATION_FORMAT = "dwarf-with-dsym";
				ENABLE_NS_ASSERTIONS = NO;
				ENABLE_STRICT_OBJC_MSGSEND = YES;
				GCC_C_LANGUAGE_STANDARD = gnu11;
				GCC_NO_COMMON_BLOCKS = YES;
				GCC_WARN_64_TO_32_BIT_CONVERSION = YES;
				GCC_WARN_ABOUT_RETURN_TYPE = YES_ERROR;
				GCC_WARN_UNDECLARED_SELECTOR = YES;
				GCC_WARN_UNINITIALIZED_AUTOS = YES_AGGRESSIVE;
				GCC_WARN_UNUSED_FUNCTION = YES;
				GCC_WARN_UNUSED_VARIABLE = YES;
				IPHONEOS_DEPLOYMENT_TARGET = 13.2;
				MTL_ENABLE_DEBUG_INFO = NO;
				MTL_FAST_MATH = YES;
				SDKROOT = iphoneos;
				SWIFT_COMPILATION_MODE = wholemodule;
				SWIFT_OPTIMIZATION_LEVEL = "-O";
				VALIDATE_PRODUCT = YES;
			};
			name = Release;
		};
		3BD3A500244729D8008FFC82 /* Debug */ = {
			isa = XCBuildConfiguration;
			buildSettings = {
				ASSETCATALOG_COMPILER_APPICON_NAME = AppIcon;
				CODE_SIGN_STYLE = Automatic;
				DEVELOPMENT_TEAM = PFF7F9F38S;
				INFOPLIST_FILE = HelloWorld/Info.plist;
				LD_RUNPATH_SEARCH_PATHS = (
					"$(inherited)",
					"@executable_path/Frameworks",
				);
				PRODUCT_BUNDLE_IDENTIFIER = com.ykimur.HelloWorld;
				PRODUCT_NAME = "$(TARGET_NAME)";
				SWIFT_VERSION = 5.0;
				TARGETED_DEVICE_FAMILY = "1,2";
			};
			name = Debug;
		};
		3BD3A501244729D8008FFC82 /* Release */ = {
			isa = XCBuildConfiguration;
			buildSettings = {
				ASSETCATALOG_COMPILER_APPICON_NAME = AppIcon;
				CODE_SIGN_STYLE = Automatic;
				DEVELOPMENT_TEAM = PFF7F9F38S;
				INFOPLIST_FILE = HelloWorld/Info.plist;
				LD_RUNPATH_SEARCH_PATHS = (
					"$(inherited)",
					"@executable_path/Frameworks",
				);
				PRODUCT_BUNDLE_IDENTIFIER = com.ykimur.HelloWorld;
				PRODUCT_NAME = "$(TARGET_NAME)";
				SWIFT_VERSION = 5.0;
				TARGETED_DEVICE_FAMILY = "1,2";
			};
			name = Release;
		};
		3BD3A503244729D8008FFC82 /* Debug */ = {
			isa = XCBuildConfiguration;
			buildSettings = {
				ALWAYS_EMBED_SWIFT_STANDARD_LIBRARIES = YES;
				BUNDLE_LOADER = "$(TEST_HOST)";
				CODE_SIGN_STYLE = Automatic;
				INFOPLIST_FILE = HelloWorldTests/Info.plist;
				IPHONEOS_DEPLOYMENT_TARGET = 13.2;
				LD_RUNPATH_SEARCH_PATHS = (
					"$(inherited)",
					"@executable_path/Frameworks",
					"@loader_path/Frameworks",
				);
				PRODUCT_BUNDLE_IDENTIFIER = com.ykimur.HelloWorldTests;
				PRODUCT_NAME = "$(TARGET_NAME)";
				SWIFT_VERSION = 5.0;
				TARGETED_DEVICE_FAMILY = "1,2";
				TEST_HOST = "$(BUILT_PRODUCTS_DIR)/HelloWorld.app/HelloWorld";
			};
			name = Debug;
		};
		3BD3A504244729D8008FFC82 /* Release */ = {
			isa = XCBuildConfiguration;
			buildSettings = {
				ALWAYS_EMBED_SWIFT_STANDARD_LIBRARIES = YES;
				BUNDLE_LOADER = "$(TEST_HOST)";
				CODE_SIGN_STYLE = Automatic;
				INFOPLIST_FILE = HelloWorldTests/Info.plist;
				IPHONEOS_DEPLOYMENT_TARGET = 13.2;
				LD_RUNPATH_SEARCH_PATHS = (
					"$(inherited)",
					"@executable_path/Frameworks",
					"@loader_path/Frameworks",
				);
				PRODUCT_BUNDLE_IDENTIFIER = com.ykimur.HelloWorldTests;
				PRODUCT_NAME = "$(TARGET_NAME)";
				SWIFT_VERSION = 5.0;
				TARGETED_DEVICE_FAMILY = "1,2";
				TEST_HOST = "$(BUILT_PRODUCTS_DIR)/HelloWorld.app/HelloWorld";
			};
			name = Release;
		};
		3BD3A506244729D8008FFC82 /* Debug */ = {
			isa = XCBuildConfiguration;
			buildSettings = {
				ALWAYS_EMBED_SWIFT_STANDARD_LIBRARIES = YES;
				CODE_SIGN_STYLE = Automatic;
				INFOPLIST_FILE = HelloWorldUITests/Info.plist;
				LD_RUNPATH_SEARCH_PATHS = (
					"$(inherited)",
					"@executable_path/Frameworks",
					"@loader_path/Frameworks",
				);
				PRODUCT_BUNDLE_IDENTIFIER = com.ykimur.HelloWorldUITests;
				PRODUCT_NAME = "$(TARGET_NAME)";
				SWIFT_VERSION = 5.0;
				TARGETED_DEVICE_FAMILY = "1,2";
				TEST_TARGET_NAME = HelloWorld;
			};
			name = Debug;
		};
		3BD3A507244729D8008FFC82 /* Release */ = {
			isa = XCBuildConfiguration;
			buildSettings = {
				ALWAYS_EMBED_SWIFT_STANDARD_LIBRARIES = YES;
				CODE_SIGN_STYLE = Automatic;
				INFOPLIST_FILE = HelloWorldUITests/Info.plist;
				LD_RUNPATH_SEARCH_PATHS = (
					"$(inherited)",
					"@executable_path/Frameworks",
					"@loader_path/Frameworks",
				);
				PRODUCT_BUNDLE_IDENTIFIER = com.ykimur.HelloWorldUITests;
				PRODUCT_NAME = "$(TARGET_NAME)";
				SWIFT_VERSION = 5.0;
				TARGETED_DEVICE_FAMILY = "1,2";
				TEST_TARGET_NAME = HelloWorld;
			};
			name = Release;
		};
/* End XCBuildConfiguration section */

/* Begin XCConfigurationList section */
		3BD3A4D0244729D7008FFC82 /* Build configuration list for PBXProject "HelloWorld" */ = {
			isa = XCConfigurationList;
			buildConfigurations = (
				3BD3A4FD244729D8008FFC82 /* Debug */,
				3BD3A4FE244729D8008FFC82 /* Release */,
			);
			defaultConfigurationIsVisible = 0;
			defaultConfigurationName = Release;
		};
		3BD3A4FF244729D8008FFC82 /* Build configuration list for PBXNativeTarget "HelloWorld" */ = {
			isa = XCConfigurationList;
			buildConfigurations = (
				3BD3A500244729D8008FFC82 /* Debug */,
				3BD3A501244729D8008FFC82 /* Release */,
			);
			defaultConfigurationIsVisible = 0;
			defaultConfigurationName = Release;
		};
		3BD3A502244729D8008FFC82 /* Build configuration list for PBXNativeTarget "HelloWorldTests" */ = {
			isa = XCConfigurationList;
			buildConfigurations = (
				3BD3A503244729D8008FFC82 /* Debug */,
				3BD3A504244729D8008FFC82 /* Release */,
			);
			defaultConfigurationIsVisible = 0;
			defaultConfigurationName = Release;
		};
		3BD3A505244729D8008FFC82 /* Build configuration list for PBXNativeTarget "HelloWorldUITests" */ = {
			isa = XCConfigurationList;
			buildConfigurations = (
				3BD3A506244729D8008FFC82 /* Debug */,
				3BD3A507244729D8008FFC82 /* Release */,
			);
			defaultConfigurationIsVisible = 0;
			defaultConfigurationName = Release;
		};
/* End XCConfigurationList section */
	};
	rootObject = 3BD3A4CD244729D7008FFC82 /* Project object */;
}
